
Microsoft Visual Studio Solution File, Format Version 12.00
# Visual Studio Version 16
VisualStudioVersion = 16.0.31402.337
MinimumVisualStudioVersion = 10.0.40219.1
Project("{9A19103F-16F7-4668-BE54-9A1E7A4F7556}") = "beerOfThings", "beerOfThings.csproj", "{35120E4D-70CF-478A-925A-108A8FBA4360}"
EndProject
Global
	GlobalSection(SolutionConfigurationPlatforms) = preSolution
		Debug|Any CPU = Debug|Any CPU
		Release|Any CPU = Release|Any CPU
	EndGlobalSection
	GlobalSection(ProjectConfigurationPlatforms) = postSolution
		{35120E4D-70CF-478A-925A-108A8FBA4360}.Debug|Any CPU.ActiveCfg = Debug|Any CPU
		{35120E4D-70CF-478A-925A-108A8FBA4360}.Debug|Any CPU.Build.0 = Debug|Any CPU
		{35120E4D-70CF-478A-925A-108A8FBA4360}.Release|Any CPU.ActiveCfg = Release|Any CPU
		{35120E4D-70CF-478A-925A-108A8FBA4360}.Release|Any CPU.Build.0 = Release|Any CPU
	EndGlobalSection
	GlobalSection(SolutionProperties) = preSolution
		HideSolutionNode = FALSE
	EndGlobalSection
	GlobalSection(ExtensibilityGlobals) = postSolution
		SolutionGuid = {C09E088B-3B90-4AAD-9D03-2206A30541B1}
	EndGlobalSection
EndGlobal
